
Microsoft Visual Studio Solution File, Format Version 12.00
# Visual Studio 2015
Project("{FAE04EC0-301F-11D3-BF4B-00C04F79EFBC}") = "MP 2.2", "MP 2.2.csproj", "{539B7B69-23EC-E6AC-25DD-7CC69D4DAF9F}"
EndProject
Project("{FAE04EC0-301F-11D3-BF4B-00C04F79EFBC}") = "MP 2.2.Editor", "MP 2.2.Editor.csproj", "{4F4AC6D8-A951-2210-D0B4-E9467FED83EE}"
EndProject
Global
	GlobalSection(SolutionConfigurationPlatforms) = preSolution
		Debug|Any CPU = Debug|Any CPU
		Release|Any CPU = Release|Any CPU
	EndGlobalSection
	GlobalSection(ProjectConfigurationPlatforms) = postSolution
		{539B7B69-23EC-E6AC-25DD-7CC69D4DAF9F}.Debug|Any CPU.ActiveCfg = Debug|Any CPU
		{539B7B69-23EC-E6AC-25DD-7CC69D4DAF9F}.Debug|Any CPU.Build.0 = Debug|Any CPU
		{539B7B69-23EC-E6AC-25DD-7CC69D4DAF9F}.Release|Any CPU.ActiveCfg = Release|Any CPU
		{539B7B69-23EC-E6AC-25DD-7CC69D4DAF9F}.Release|Any CPU.Build.0 = Release|Any CPU
		{4F4AC6D8-A951-2210-D0B4-E9467FED83EE}.Debug|Any CPU.ActiveCfg = Debug|Any CPU
		{4F4AC6D8-A951-2210-D0B4-E9467FED83EE}.Debug|Any CPU.Build.0 = Debug|Any CPU
		{4F4AC6D8-A951-2210-D0B4-E9467FED83EE}.Release|Any CPU.ActiveCfg = Release|Any CPU
		{4F4AC6D8-A951-2210-D0B4-E9467FED83EE}.Release|Any CPU.Build.0 = Release|Any CPU
	EndGlobalSection
	GlobalSection(SolutionProperties) = preSolution
		HideSolutionNode = FALSE
	EndGlobalSection
EndGlobal
